// !$*UTF8*$!
{
	archiveVersion = 1;
	classes = {
	};
	objectVersion = 50;
	objects = {

/* Begin PBXBuildFile section */
		A348831022871EDA005DAE1D /* AppDelegate.swift in Sources */ = {isa = PBXBuildFile; fileRef = A348830F22871EDA005DAE1D /* AppDelegate.swift */; };
		A348831222871EDA005DAE1D /* ViewController.swift in Sources */ = {isa = PBXBuildFile; fileRef = A348831122871EDA005DAE1D /* ViewController.swift */; };
		A348831522871EDA005DAE1D /* Main.storyboard in Resources */ = {isa = PBXBuildFile; fileRef = A348831322871EDA005DAE1D /* Main.storyboard */; };
		A348831722871EDC005DAE1D /* Assets.xcassets in Resources */ = {isa = PBXBuildFile; fileRef = A348831622871EDC005DAE1D /* Assets.xcassets */; };
		A348831A22871EDC005DAE1D /* LaunchScreen.storyboard in Resources */ = {isa = PBXBuildFile; fileRef = A348831822871EDC005DAE1D /* LaunchScreen.storyboard */; };
		A348832522871EDC005DAE1D /* EmojionalTests.swift in Sources */ = {isa = PBXBuildFile; fileRef = A348832422871EDC005DAE1D /* EmojionalTests.swift */; };
		A348833022871EDC005DAE1D /* EmojionalUITests.swift in Sources */ = {isa = PBXBuildFile; fileRef = A348832F22871EDC005DAE1D /* EmojionalUITests.swift */; };
/* End PBXBuildFile section */

/* Begin PBXContainerItemProxy section */
		A348832122871EDC005DAE1D /* PBXContainerItemProxy */ = {
			isa = PBXContainerItemProxy;
			containerPortal = A348830422871EDA005DAE1D /* Project object */;
			proxyType = 1;
			remoteGlobalIDString = A348830B22871EDA005DAE1D;
			remoteInfo = Emojional;
		};
		A348832C22871EDC005DAE1D /* PBXContainerItemProxy */ = {
			isa = PBXContainerItemProxy;
			containerPortal = A348830422871EDA005DAE1D /* Project object */;
			proxyType = 1;
			remoteGlobalIDString = A348830B22871EDA005DAE1D;
			remoteInfo = Emojional;
		};
/* End PBXContainerItemProxy section */

/* Begin PBXFileReference section */
		A348830C22871EDA005DAE1D /* Emojional.app */ = {isa = PBXFileReference; explicitFileType = wrapper.application; includeInIndex = 0; path = Emojional.app; sourceTree = BUILT_PRODUCTS_DIR; };
		A348830F22871EDA005DAE1D /* AppDelegate.swift */ = {isa = PBXFileReference; lastKnownFileType = sourcecode.swift; path = AppDelegate.swift; sourceTree = "<group>"; };
		A348831122871EDA005DAE1D /* ViewController.swift */ = {isa = PBXFileReference; lastKnownFileType = sourcecode.swift; path = ViewController.swift; sourceTree = "<group>"; };
		A348831422871EDA005DAE1D /* Base */ = {isa = PBXFileReference; lastKnownFileType = file.storyboard; name = Base; path = Base.lproj/Main.storyboard; sourceTree = "<group>"; };
		A348831622871EDC005DAE1D /* Assets.xcassets */ = {isa = PBXFileReference; lastKnownFileType = folder.assetcatalog; path = Assets.xcassets; sourceTree = "<group>"; };
		A348831922871EDC005DAE1D /* Base */ = {isa = PBXFileReference; lastKnownFileType = file.storyboard; name = Base; path = Base.lproj/LaunchScreen.storyboard; sourceTree = "<group>"; };
		A348831B22871EDC005DAE1D /* Info.plist */ = {isa = PBXFileReference; lastKnownFileType = text.plist.xml; path = Info.plist; sourceTree = "<group>"; };
		A348832022871EDC005DAE1D /* EmojionalTests.xctest */ = {isa = PBXFileReference; explicitFileType = wrapper.cfbundle; includeInIndex = 0; path = EmojionalTests.xctest; sourceTree = BUILT_PRODUCTS_DIR; };
		A348832422871EDC005DAE1D /* EmojionalTests.swift */ = {isa = PBXFileReference; lastKnownFileType = sourcecode.swift; path = EmojionalTests.swift; sourceTree = "<group>"; };
		A348832622871EDC005DAE1D /* Info.plist */ = {isa = PBXFileReference; lastKnownFileType = text.plist.xml; path = Info.plist; sourceTree = "<group>"; };
		A348832B22871EDC005DAE1D /* EmojionalUITests.xctest */ = {isa = PBXFileReference; explicitFileType = wrapper.cfbundle; includeInIndex = 0; path = EmojionalUITests.xctest; sourceTree = BUILT_PRODUCTS_DIR; };
		A348832F22871EDC005DAE1D /* EmojionalUITests.swift */ = {isa = PBXFileReference; lastKnownFileType = sourcecode.swift; path = EmojionalUITests.swift; sourceTree = "<group>"; };
		A348833122871EDC005DAE1D /* Info.plist */ = {isa = PBXFileReference; lastKnownFileType = text.plist.xml; path = Info.plist; sourceTree = "<group>"; };
/* End PBXFileReference section */

/* Begin PBXFrameworksBuildPhase section */
		A348830922871EDA005DAE1D /* Frameworks */ = {
			isa = PBXFrameworksBuildPhase;
			buildActionMask = 2147483647;
			files = (
			);
			runOnlyForDeploymentPostprocessing = 0;
		};
		A348831D22871EDC005DAE1D /* Frameworks */ = {
			isa = PBXFrameworksBuildPhase;
			buildActionMask = 2147483647;
			files = (
			);
			runOnlyForDeploymentPostprocessing = 0;
		};
		A348832822871EDC005DAE1D /* Frameworks */ = {
			isa = PBXFrameworksBuildPhase;
			buildActionMask = 2147483647;
			files = (
			);
			runOnlyForDeploymentPostprocessing = 0;
		};
/* End PBXFrameworksBuildPhase section */

/* Begin PBXGroup section */
		A348830322871EDA005DAE1D = {
			isa = PBXGroup;
			children = (
				A348830E22871EDA005DAE1D /* Emojional */,
				A348832322871EDC005DAE1D /* EmojionalTests */,
				A348832E22871EDC005DAE1D /* EmojionalUITests */,
				A348830D22871EDA005DAE1D /* Products */,
			);
			sourceTree = "<group>";
		};
		A348830D22871EDA005DAE1D /* Products */ = {
			isa = PBXGroup;
			children = (
				A348830C22871EDA005DAE1D /* Emojional.app */,
				A348832022871EDC005DAE1D /* EmojionalTests.xctest */,
				A348832B22871EDC005DAE1D /* EmojionalUITests.xctest */,
			);
			name = Products;
			sourceTree = "<group>";
		};
		A348830E22871EDA005DAE1D /* Emojional */ = {
			isa = PBXGroup;
			children = (
				A348830F22871EDA005DAE1D /* AppDelegate.swift */,
				A348831122871EDA005DAE1D /* ViewController.swift */,
				A348831322871EDA005DAE1D /* Main.storyboard */,
				A348831622871EDC005DAE1D /* Assets.xcassets */,
				A348831822871EDC005DAE1D /* LaunchScreen.storyboard */,
				A348831B22871EDC005DAE1D /* Info.plist */,
			);
			path = Emojional;
			sourceTree = "<group>";
		};
		A348832322871EDC005DAE1D /* EmojionalTests */ = {
			isa = PBXGroup;
			children = (
				A348832422871EDC005DAE1D /* EmojionalTests.swift */,
				A348832622871EDC005DAE1D /* Info.plist */,
			);
			path = EmojionalTests;
			sourceTree = "<group>";
		};
		A348832E22871EDC005DAE1D /* EmojionalUITests */ = {
			isa = PBXGroup;
			children = (
				A348832F22871EDC005DAE1D /* EmojionalUITests.swift */,
				A348833122871EDC005DAE1D /* Info.plist */,
			);
			path = EmojionalUITests;
			sourceTree = "<group>";
		};
/* End PBXGroup section */

/* Begin PBXNativeTarget section */
		A348830B22871EDA005DAE1D /* Emojional */ = {
			isa = PBXNativeTarget;
			buildConfigurationList = A348833422871EDC005DAE1D /* Build configuration list for PBXNativeTarget "Emojional" */;
			buildPhases = (
				A348830822871EDA005DAE1D /* Sources */,
				A348830922871EDA005DAE1D /* Frameworks */,
				A348830A22871EDA005DAE1D /* Resources */,
			);
			buildRules = (
			);
			dependencies = (
			);
			name = Emojional;
			productName = Emojional;
			productReference = A348830C22871EDA005DAE1D /* Emojional.app */;
			productType = "com.apple.product-type.application";
		};
		A348831F22871EDC005DAE1D /* EmojionalTests */ = {
			isa = PBXNativeTarget;
			buildConfigurationList = A348833722871EDC005DAE1D /* Build configuration list for PBXNativeTarget "EmojionalTests" */;
			buildPhases = (
				A348831C22871EDC005DAE1D /* Sources */,
				A348831D22871EDC005DAE1D /* Frameworks */,
				A348831E22871EDC005DAE1D /* Resources */,
			);
			buildRules = (
			);
			dependencies = (
				A348832222871EDC005DAE1D /* PBXTargetDependency */,
			);
			name = EmojionalTests;
			productName = EmojionalTests;
			productReference = A348832022871EDC005DAE1D /* EmojionalTests.xctest */;
			productType = "com.apple.product-type.bundle.unit-test";
		};
		A348832A22871EDC005DAE1D /* EmojionalUITests */ = {
			isa = PBXNativeTarget;
			buildConfigurationList = A348833A22871EDC005DAE1D /* Build configuration list for PBXNativeTarget "EmojionalUITests" */;
			buildPhases = (
				A348832722871EDC005DAE1D /* Sources */,
				A348832822871EDC005DAE1D /* Frameworks */,
				A348832922871EDC005DAE1D /* Resources */,
			);
			buildRules = (
			);
			dependencies = (
				A348832D22871EDC005DAE1D /* PBXTargetDependency */,
			);
			name = EmojionalUITests;
			productName = EmojionalUITests;
			productReference = A348832B22871EDC005DAE1D /* EmojionalUITests.xctest */;
			productType = "com.apple.product-type.bundle.ui-testing";
		};
/* End PBXNativeTarget section */

/* Begin PBXProject section */
		A348830422871EDA005DAE1D /* Project object */ = {
			isa = PBXProject;
			attributes = {
				LastSwiftUpdateCheck = 1020;
				LastUpgradeCheck = 1020;
				ORGANIZATIONNAME = "ERIC SMITH";
				TargetAttributes = {
					A348830B22871EDA005DAE1D = {
						CreatedOnToolsVersion = 10.2.1;
					};
					A348831F22871EDC005DAE1D = {
						CreatedOnToolsVersion = 10.2.1;
						TestTargetID = A348830B22871EDA005DAE1D;
					};
					A348832A22871EDC005DAE1D = {
						CreatedOnToolsVersion = 10.2.1;
						TestTargetID = A348830B22871EDA005DAE1D;
					};
				};
			};
			buildConfigurationList = A348830722871EDA005DAE1D /* Build configuration list for PBXProject "Emojional" */;
			compatibilityVersion = "Xcode 9.3";
			developmentRegion = en;
			hasScannedForEncodings = 0;
			knownRegions = (
				en,
				Base,
			);
			mainGroup = A348830322871EDA005DAE1D;
			productRefGroup = A348830D22871EDA005DAE1D /* Products */;
			projectDirPath = "";
			projectRoot = "";
			targets = (
				A348830B22871EDA005DAE1D /* Emojional */,
				A348831F22871EDC005DAE1D /* EmojionalTests */,
				A348832A22871EDC005DAE1D /* EmojionalUITests */,
			);
		};
/* End PBXProject section */

/* Begin PBXResourcesBuildPhase section */
		A348830A22871EDA005DAE1D /* Resources */ = {
			isa = PBXResourcesBuildPhase;
			buildActionMask = 2147483647;
			files = (
				A348831A22871EDC005DAE1D /* LaunchScreen.storyboard in Resources */,
				A348831722871EDC005DAE1D /* Assets.xcassets in Resources */,
				A348831522871EDA005DAE1D /* Main.storyboard in Resources */,
			);
			runOnlyForDeploymentPostprocessing = 0;
		};
		A348831E22871EDC005DAE1D /* Resources */ = {
			isa = PBXResourcesBuildPhase;
			buildActionMask = 2147483647;
			files = (
			);
			runOnlyForDeploymentPostprocessing = 0;
		};
		A348832922871EDC005DAE1D /* Resources */ = {
			isa = PBXResourcesBuildPhase;
			buildActionMask = 2147483647;
			files = (
			);
			runOnlyForDeploymentPostprocessing = 0;
		};
/* End PBXResourcesBuildPhase section */

/* Begin PBXSourcesBuildPhase section */
		A348830822871EDA005DAE1D /* Sources */ = {
			isa = PBXSourcesBuildPhase;
			buildActionMask = 2147483647;
			files = (
				A348831222871EDA005DAE1D /* ViewController.swift in Sources */,
				A348831022871EDA005DAE1D /* AppDelegate.swift in Sources */,
			);
			runOnlyForDeploymentPostprocessing = 0;
		};
		A348831C22871EDC005DAE1D /* Sources */ = {
			isa = PBXSourcesBuildPhase;
			buildActionMask = 2147483647;
			files = (
				A348832522871EDC005DAE1D /* EmojionalTests.swift in Sources */,
			);
			runOnlyForDeploymentPostprocessing = 0;
		};
		A348832722871EDC005DAE1D /* Sources */ = {
			isa = PBXSourcesBuildPhase;
			buildActionMask = 2147483647;
			files = (
				A348833022871EDC005DAE1D /* EmojionalUITests.swift in Sources */,
			);
			runOnlyForDeploymentPostprocessing = 0;
		};
/* End PBXSourcesBuildPhase section */

/* Begin PBXTargetDependency section */
		A348832222871EDC005DAE1D /* PBXTargetDependency */ = {
			isa = PBXTargetDependency;
			target = A348830B22871EDA005DAE1D /* Emojional */;
			targetProxy = A348832122871EDC005DAE1D /* PBXContainerItemProxy */;
		};
		A348832D22871EDC005DAE1D /* PBXTargetDependency */ = {
			isa = PBXTargetDependency;
			target = A348830B22871EDA005DAE1D /* Emojional */;
			targetProxy = A348832C22871EDC005DAE1D /* PBXContainerItemProxy */;
		};
/* End PBXTargetDependency section */

/* Begin PBXVariantGroup section */
		A348831322871EDA005DAE1D /* Main.storyboard */ = {
			isa = PBXVariantGroup;
			children = (
				A348831422871EDA005DAE1D /* Base */,
			);
			name = Main.storyboard;
			sourceTree = "<group>";
		};
		A348831822871EDC005DAE1D /* LaunchScreen.storyboard */ = {
			isa = PBXVariantGroup;
			children = (
				A348831922871EDC005DAE1D /* Base */,
			);
			name = LaunchScreen.storyboard;
			sourceTree = "<group>";
		};
/* End PBXVariantGroup section */

/* Begin XCBuildConfiguration section */
		A348833222871EDC005DAE1D /* Debug */ = {
			isa = XCBuildConfiguration;
			buildSettings = {
				ALWAYS_SEARCH_USER_PATHS = NO;
				CLANG_ANALYZER_NONNULL = YES;
				CLANG_ANALYZER_NUMBER_OBJECT_CONVERSION = YES_AGGRESSIVE;
				CLANG_CXX_LANGUAGE_STANDARD = "gnu++14";
				CLANG_CXX_LIBRARY = "libc++";
				CLANG_ENABLE_MODULES = YES;
				CLANG_ENABLE_OBJC_ARC = YES;
				CLANG_ENABLE_OBJC_WEAK = YES;
				CLANG_WARN_BLOCK_CAPTURE_AUTORELEASING = YES;
				CLANG_WARN_BOOL_CONVERSION = YES;
				CLANG_WARN_COMMA = YES;
				CLANG_WARN_CONSTANT_CONVERSION = YES;
				CLANG_WARN_DEPRECATED_OBJC_IMPLEMENTATIONS = YES;
				CLANG_WARN_DIRECT_OBJC_ISA_USAGE = YES_ERROR;
				CLANG_WARN_DOCUMENTATION_COMMENTS = YES;
				CLANG_WARN_EMPTY_BODY = YES;
				CLANG_WARN_ENUM_CONVERSION = YES;
				CLANG_WARN_INFINITE_RECURSION = YES;
				CLANG_WARN_INT_CONVERSION = YES;
				CLANG_WARN_NON_LITERAL_NULL_CONVERSION = YES;
				CLANG_WARN_OBJC_IMPLICIT_RETAIN_SELF = YES;
				CLANG_WARN_OBJC_LITERAL_CONVERSION = YES;
				CLANG_WARN_OBJC_ROOT_CLASS = YES_ERROR;
				CLANG_WARN_RANGE_LOOP_ANALYSIS = YES;
				CLANG_WARN_STRICT_PROTOTYPES = YES;
				CLANG_WARN_SUSPICIOUS_MOVE = YES;
				CLANG_WARN_UNGUARDED_AVAILABILITY = YES_AGGRESSIVE;
				CLANG_WARN_UNREACHABLE_CODE = YES;
				CLANG_WARN__DUPLICATE_METHOD_MATCH = YES;
				CODE_SIGN_IDENTITY = "iPhone Developer";
				COPY_PHASE_STRIP = NO;
				DEBUG_INFORMATION_FORMAT = dwarf;
				ENABLE_STRICT_OBJC_MSGSEND = YES;
				ENABLE_TESTABILITY = YES;
				GCC_C_LANGUAGE_STANDARD = gnu11;
				GCC_DYNAMIC_NO_PIC = NO;
				GCC_NO_COMMON_BLOCKS = YES;
				GCC_OPTIMIZATION_LEVEL = 0;
				GCC_PREPROCESSOR_DEFINITIONS = (
					"DEBUG=1",
					"$(inherited)",
				);
				GCC_WARN_64_TO_32_BIT_CONVERSION = YES;
				GCC_WARN_ABOUT_RETURN_TYPE = YES_ERROR;
				GCC_WARN_UNDECLARED_SELECTOR = YES;
				GCC_WARN_UNINITIALIZED_AUTOS = YES_AGGRESSIVE;
				GCC_WARN_UNUSED_FUNCTION = YES;
				GCC_WARN_UNUSED_VARIABLE = YES;
				IPHONEOS_DEPLOYMENT_TARGET = 12.2;
				MTL_ENABLE_DEBUG_INFO = INCLUDE_SOURCE;
				MTL_FAST_MATH = YES;
				ONLY_ACTIVE_ARCH = YES;
				SDKROOT = iphoneos;
				SWIFT_ACTIVE_COMPILATION_CONDITIONS = DEBUG;
				SWIFT_OPTIMIZATION_LEVEL = "-Onone";
			};
			name = Debug;
		};
		A348833322871EDC005DAE1D /* Release */ = {
			isa = XCBuildConfiguration;
			buildSettings = {
				ALWAYS_SEARCH_USER_PATHS = NO;
				CLANG_ANALYZER_NONNULL = YES;
				CLANG_ANALYZER_NUMBER_OBJECT_CONVERSION = YES_AGGRESSIVE;
				CLANG_CXX_LANGUAGE_STANDARD = "gnu++14";
				CLANG_CXX_LIBRARY = "libc++";
				CLANG_ENABLE_MODULES = YES;
				CLANG_ENABLE_OBJC_ARC = YES;
				CLANG_ENABLE_OBJC_WEAK = YES;
				CLANG_WARN_BLOCK_CAPTURE_AUTORELEASING = YES;
				CLANG_WARN_BOOL_CONVERSION = YES;
				CLANG_WARN_COMMA = YES;
				CLANG_WARN_CONSTANT_CONVERSION = YES;
				CLANG_WARN_DEPRECATED_OBJC_IMPLEMENTATIONS = YES;
				CLANG_WARN_DIRECT_OBJC_ISA_USAGE = YES_ERROR;
				CLANG_WARN_DOCUMENTATION_COMMENTS = YES;
				CLANG_WARN_EMPTY_BODY = YES;
				CLANG_WARN_ENUM_CONVERSION = YES;
				CLANG_WARN_INFINITE_RECURSION = YES;
				CLANG_WARN_INT_CONVERSION = YES;
				CLANG_WARN_NON_LITERAL_NULL_CONVERSION = YES;
				CLANG_WARN_OBJC_IMPLICIT_RETAIN_SELF = YES;
				CLANG_WARN_OBJC_LITERAL_CONVERSION = YES;
				CLANG_WARN_OBJC_ROOT_CLASS = YES_ERROR;
				CLANG_WARN_RANGE_LOOP_ANALYSIS = YES;
				CLANG_WARN_STRICT_PROTOTYPES = YES;
				CLANG_WARN_SUSPICIOUS_MOVE = YES;
				CLANG_WARN_UNGUARDED_AVAILABILITY = YES_AGGRESSIVE;
				CLANG_WARN_UNREACHABLE_CODE = YES;
				CLANG_WARN__DUPLICATE_METHOD_MATCH = YES;
				CODE_SIGN_IDENTITY = "iPhone Developer";
				COPY_PHASE_STRIP = NO;
				DEBUG_INFORMATION_FORMAT = "dwarf-with-dsym";
				ENABLE_NS_ASSERTIONS = NO;
				ENABLE_STRICT_OBJC_MSGSEND = YES;
				GCC_C_LANGUAGE_STANDARD = gnu11;
				GCC_NO_COMMON_BLOCKS = YES;
				GCC_WARN_64_TO_32_BIT_CONVERSION = YES;
				GCC_WARN_ABOUT_RETURN_TYPE = YES_ERROR;
				GCC_WARN_UNDECLARED_SELECTOR = YES;
				GCC_WARN_UNINITIALIZED_AUTOS = YES_AGGRESSIVE;
				GCC_WARN_UNUSED_FUNCTION = YES;
				GCC_WARN_UNUSED_VARIABLE = YES;
				IPHONEOS_DEPLOYMENT_TARGET = 12.2;
				MTL_ENABLE_DEBUG_INFO = NO;
				MTL_FAST_MATH = YES;
				SDKROOT = iphoneos;
				SWIFT_COMPILATION_MODE = wholemodule;
				SWIFT_OPTIMIZATION_LEVEL = "-O";
				VALIDATE_PRODUCT = YES;
			};
			name = Release;
		};
		A348833522871EDC005DAE1D /* Debug */ = {
			isa = XCBuildConfiguration;
			buildSettings = {
				ASSETCATALOG_COMPILER_APPICON_NAME = AppIcon;
				CODE_SIGN_STYLE = Automatic;
				INFOPLIST_FILE = Emojional/Info.plist;
				LD_RUNPATH_SEARCH_PATHS = (
					"$(inherited)",
					"@executable_path/Frameworks",
				);
				PRODUCT_BUNDLE_IDENTIFIER = KWK2019.Emojional;
				PRODUCT_NAME = "$(TARGET_NAME)";
				SWIFT_VERSION = 5.0;
				TARGETED_DEVICE_FAMILY = "1,2";
			};
			name = Debug;
		};
		A348833622871EDC005DAE1D /* Release */ = {
			isa = XCBuildConfiguration;
			buildSettings = {
				ASSETCATALOG_COMPILER_APPICON_NAME = AppIcon;
				CODE_SIGN_STYLE = Automatic;
				INFOPLIST_FILE = Emojional/Info.plist;
				LD_RUNPATH_SEARCH_PATHS = (
					"$(inherited)",
					"@executable_path/Frameworks",
				);
				PRODUCT_BUNDLE_IDENTIFIER = KWK2019.Emojional;
				PRODUCT_NAME = "$(TARGET_NAME)";
				SWIFT_VERSION = 5.0;
				TARGETED_DEVICE_FAMILY = "1,2";
			};
			name = Release;
		};
		A348833822871EDC005DAE1D /* Debug */ = {
			isa = XCBuildConfiguration;
			buildSettings = {
				ALWAYS_EMBED_SWIFT_STANDARD_LIBRARIES = YES;
				BUNDLE_LOADER = "$(TEST_HOST)";
				CODE_SIGN_STYLE = Automatic;
				INFOPLIST_FILE = EmojionalTests/Info.plist;
				LD_RUNPATH_SEARCH_PATHS = (
					"$(inherited)",
					"@executable_path/Frameworks",
					"@loader_path/Frameworks",
				);
				PRODUCT_BUNDLE_IDENTIFIER = KWK2019.EmojionalTests;
				PRODUCT_NAME = "$(TARGET_NAME)";
				SWIFT_VERSION = 5.0;
				TARGETED_DEVICE_FAMILY = "1,2";
				TEST_HOST = "$(BUILT_PRODUCTS_DIR)/Emojional.app/Emojional";
			};
			name = Debug;
		};
		A348833922871EDC005DAE1D /* Release */ = {
			isa = XCBuildConfiguration;
			buildSettings = {
				ALWAYS_EMBED_SWIFT_STANDARD_LIBRARIES = YES;
				BUNDLE_LOADER = "$(TEST_HOST)";
				CODE_SIGN_STYLE = Automatic;
				INFOPLIST_FILE = EmojionalTests/Info.plist;
				LD_RUNPATH_SEARCH_PATHS = (
					"$(inherited)",
					"@executable_path/Frameworks",
					"@loader_path/Frameworks",
				);
				PRODUCT_BUNDLE_IDENTIFIER = KWK2019.EmojionalTests;
				PRODUCT_NAME = "$(TARGET_NAME)";
				SWIFT_VERSION = 5.0;
				TARGETED_DEVICE_FAMILY = "1,2";
				TEST_HOST = "$(BUILT_PRODUCTS_DIR)/Emojional.app/Emojional";
			};
			name = Release;
		};
		A348833B22871EDC005DAE1D /* Debug */ = {
			isa = XCBuildConfiguration;
			buildSettings = {
				ALWAYS_EMBED_SWIFT_STANDARD_LIBRARIES = YES;
				CODE_SIGN_STYLE = Automatic;
				INFOPLIST_FILE = EmojionalUITests/Info.plist;
				LD_RUNPATH_SEARCH_PATHS = (
					"$(inherited)",
					"@executable_path/Frameworks",
					"@loader_path/Frameworks",
				);
				PRODUCT_BUNDLE_IDENTIFIER = KWK2019.EmojionalUITests;
				PRODUCT_NAME = "$(TARGET_NAME)";
				SWIFT_VERSION = 5.0;
				TARGETED_DEVICE_FAMILY = "1,2";
				TEST_TARGET_NAME = Emojional;
			};
			name = Debug;
		};
		A348833C22871EDC005DAE1D /* Release */ = {
			isa = XCBuildConfiguration;
			buildSettings = {
				ALWAYS_EMBED_SWIFT_STANDARD_LIBRARIES = YES;
				CODE_SIGN_STYLE = Automatic;
				INFOPLIST_FILE = EmojionalUITests/Info.plist;
				LD_RUNPATH_SEARCH_PATHS = (
					"$(inherited)",
					"@executable_path/Frameworks",
					"@loader_path/Frameworks",
				);
				PRODUCT_BUNDLE_IDENTIFIER = KWK2019.EmojionalUITests;
				PRODUCT_NAME = "$(TARGET_NAME)";
				SWIFT_VERSION = 5.0;
				TARGETED_DEVICE_FAMILY = "1,2";
				TEST_TARGET_NAME = Emojional;
			};
			name = Release;
		};
/* End XCBuildConfiguration section */

/* Begin XCConfigurationList section */
		A348830722871EDA005DAE1D /* Build configuration list for PBXProject "Emojional" */ = {
			isa = XCConfigurationList;
			buildConfigurations = (
				A348833222871EDC005DAE1D /* Debug */,
				A348833322871EDC005DAE1D /* Release */,
			);
			defaultConfigurationIsVisible = 0;
			defaultConfigurationName = Release;
		};
		A348833422871EDC005DAE1D /* Build configuration list for PBXNativeTarget "Emojional" */ = {
			isa = XCConfigurationList;
			buildConfigurations = (
				A348833522871EDC005DAE1D /* Debug */,
				A348833622871EDC005DAE1D /* Release */,
			);
			defaultConfigurationIsVisible = 0;
			defaultConfigurationName = Release;
		};
		A348833722871EDC005DAE1D /* Build configuration list for PBXNativeTarget "EmojionalTests" */ = {
			isa = XCConfigurationList;
			buildConfigurations = (
				A348833822871EDC005DAE1D /* Debug */,
				A348833922871EDC005DAE1D /* Release */,
			);
			defaultConfigurationIsVisible = 0;
			defaultConfigurationName = Release;
		};
		A348833A22871EDC005DAE1D /* Build configuration list for PBXNativeTarget "EmojionalUITests" */ = {
			isa = XCConfigurationList;
			buildConfigurations = (
				A348833B22871EDC005DAE1D /* Debug */,
				A348833C22871EDC005DAE1D /* Release */,
			);
			defaultConfigurationIsVisible = 0;
			defaultConfigurationName = Release;
		};
/* End XCConfigurationList section */
	};
	rootObject = A348830422871EDA005DAE1D /* Project object */;
}
